
Microsoft Visual Studio Solution File, Format Version 12.00
# Visual Studio 2013
VisualStudioVersion = 12.0.31101.0
MinimumVisualStudioVersion = 10.0.40219.1
Project("{FAE04EC0-301F-11D3-BF4B-00C04F79EFBC}") = "Task1", "ConsoleApplication4\Task1.csproj", "{3AB9AC96-386C-4B47-823A-1C07C49C5B04}"
EndProject
Project("{FAE04EC0-301F-11D3-BF4B-00C04F79EFBC}") = "task3", "ConsoleApplication1\task3.csproj", "{44B1BD3E-E954-472A-A7DE-AE9B27D623E1}"
EndProject
Global
	GlobalSection(SolutionConfigurationPlatforms) = preSolution
		Debug|Any CPU = Debug|Any CPU
		Release|Any CPU = Release|Any CPU
	EndGlobalSection
	GlobalSection(ProjectConfigurationPlatforms) = postSolution
		{3AB9AC96-386C-4B47-823A-1C07C49C5B04}.Debug|Any CPU.ActiveCfg = Debug|Any CPU
		{3AB9AC96-386C-4B47-823A-1C07C49C5B04}.Debug|Any CPU.Build.0 = Debug|Any CPU
		{3AB9AC96-386C-4B47-823A-1C07C49C5B04}.Release|Any CPU.ActiveCfg = Release|Any CPU
		{3AB9AC96-386C-4B47-823A-1C07C49C5B04}.Release|Any CPU.Build.0 = Release|Any CPU
		{44B1BD3E-E954-472A-A7DE-AE9B27D623E1}.Debug|Any CPU.ActiveCfg = Debug|Any CPU
		{44B1BD3E-E954-472A-A7DE-AE9B27D623E1}.Debug|Any CPU.Build.0 = Debug|Any CPU
		{44B1BD3E-E954-472A-A7DE-AE9B27D623E1}.Release|Any CPU.ActiveCfg = Release|Any CPU
		{44B1BD3E-E954-472A-A7DE-AE9B27D623E1}.Release|Any CPU.Build.0 = Release|Any CPU
	EndGlobalSection
	GlobalSection(SolutionProperties) = preSolution
		HideSolutionNode = FALSE
	EndGlobalSection
EndGlobal
